<?xml version="1.0" encoding="utf-8"?>
<Project ToolsVersion="4.0" xmlns="http://schemas.microsoft.com/developer/msbuild/2003">
  <ItemGroup>
    <Filter Include="src">
      <UniqueIdentifier>{4FC737F1-C7A5-4376-A066-2A32D752A2FF}</UniqueIdentifier>
    </Filter>
    <Filter Include="include">
      <UniqueIdentifier>{93995380-89BD-4b04-88EB-625FBE52EBFB}</UniqueIdentifier>
    </Filter>
    <Filter Include="include\randun">
      <UniqueIdentifier>{72ba9d70-cc7d-4976-b35a-f85943413e54}</UniqueIdentifier>
    </Filter>
  </ItemGroup>
  <ItemGroup>
    <ClCompile Include="..\..\src\randun\RandomDungeonConstructor.cpp">
      <Filter>src</Filter>
    </ClCompile>
    <ClCompile Include="..\..\src\randun\RandomDungeonPCH.cpp">
      <Filter>src</Filter>
    </ClCompile>
  </ItemGroup>
  <ItemGroup>
    <ClInclude Include="..\..\src\randun\RandomDungeonPCH.h">
      <Filter>src</Filter>
    </ClInclude>
    <ClInclude Include="..\..\include\gideon\cs\randun\RandomDungeonConstructor.h">
      <Filter>include\randun</Filter>
    </ClInclude>
  </ItemGroup>
</Project>